
Microsoft Visual Studio Solution File, Format Version 12.00
# Visual Studio 15
VisualStudioVersion = 15.0.26403.0
MinimumVisualStudioVersion = 10.0.40219.1
Project("{D954291E-2A0B-460D-934E-DC6B0785DB48}") = "Challenge_201704", "Challenge-201704\Challenge_201704\Challenge_201704.shproj", "{8AFDC3DD-73EC-4567-B92F-DAE05F7569B0}"
EndProject
Project("{FAE04EC0-301F-11D3-BF4B-00C04F79EFBC}") = "Challenge_201704.Android", "Challenge-201704\Challenge_201704.Android\Challenge_201704.Android.csproj", "{F559BEC1-AAD3-48AE-A3AE-B32F611D2B04}"
EndProject
Project("{FAE04EC0-301F-11D3-BF4B-00C04F79EFBC}") = "Challenge_201704.iOS", "Challenge-201704\Challenge_201704.iOS\Challenge_201704.iOS.csproj", "{BF95BE79-8D49-4BDD-B48C-6D73209D5864}"
EndProject
Project("{FAE04EC0-301F-11D3-BF4B-00C04F79EFBC}") = "Challenge_201704.UWP", "Challenge-201704\Challenge_201704.UWP\Challenge_201704.UWP.csproj", "{F2F9C214-CADB-49C6-8CD6-35EC62BA6B68}"
EndProject
Global
	GlobalSection(SharedMSBuildProjectFiles) = preSolution
		Challenge-201704\Challenge_201704\Challenge_201704.projitems*{8afdc3dd-73ec-4567-b92f-dae05f7569b0}*SharedItemsImports = 13
		Challenge-201704\Challenge_201704\Challenge_201704.projitems*{bf95be79-8d49-4bdd-b48c-6d73209d5864}*SharedItemsImports = 4
		Challenge-201704\Challenge_201704\Challenge_201704.projitems*{f2f9c214-cadb-49c6-8cd6-35ec62ba6b68}*SharedItemsImports = 4
		Challenge-201704\Challenge_201704\Challenge_201704.projitems*{f559bec1-aad3-48ae-a3ae-b32f611d2b04}*SharedItemsImports = 4
	EndGlobalSection
	GlobalSection(SolutionConfigurationPlatforms) = preSolution
		Ad-Hoc|Any CPU = Ad-Hoc|Any CPU
		Ad-Hoc|ARM = Ad-Hoc|ARM
		Ad-Hoc|iPhone = Ad-Hoc|iPhone
		Ad-Hoc|iPhoneSimulator = Ad-Hoc|iPhoneSimulator
		Ad-Hoc|x64 = Ad-Hoc|x64
		Ad-Hoc|x86 = Ad-Hoc|x86
		AppStore|Any CPU = AppStore|Any CPU
		AppStore|ARM = AppStore|ARM
		AppStore|iPhone = AppStore|iPhone
		AppStore|iPhoneSimulator = AppStore|iPhoneSimulator
		AppStore|x64 = AppStore|x64
		AppStore|x86 = AppStore|x86
		Debug|Any CPU = Debug|Any CPU
		Debug|ARM = Debug|ARM
		Debug|iPhone = Debug|iPhone
		Debug|iPhoneSimulator = Debug|iPhoneSimulator
		Debug|x64 = Debug|x64
		Debug|x86 = Debug|x86
		Release|Any CPU = Release|Any CPU
		Release|ARM = Release|ARM
		Release|iPhone = Release|iPhone
		Release|iPhoneSimulator = Release|iPhoneSimulator
		Release|x64 = Release|x64
		Release|x86 = Release|x86
	EndGlobalSection
	GlobalSection(ProjectConfigurationPlatforms) = postSolution
		{F559BEC1-AAD3-48AE-A3AE-B32F611D2B04}.Ad-Hoc|Any CPU.ActiveCfg = Release|Any CPU
		{F559BEC1-AAD3-48AE-A3AE-B32F611D2B04}.Ad-Hoc|Any CPU.Build.0 = Release|Any CPU
		{F559BEC1-AAD3-48AE-A3AE-B32F611D2B04}.Ad-Hoc|Any CPU.Deploy.0 = Release|Any CPU
		{F559BEC1-AAD3-48AE-A3AE-B32F611D2B04}.Ad-Hoc|ARM.ActiveCfg = Release|Any CPU
		{F559BEC1-AAD3-48AE-A3AE-B32F611D2B04}.Ad-Hoc|ARM.Build.0 = Release|Any CPU
		{F559BEC1-AAD3-48AE-A3AE-B32F611D2B04}.Ad-Hoc|ARM.Deploy.0 = Release|Any CPU
		{F559BEC1-AAD3-48AE-A3AE-B32F611D2B04}.Ad-Hoc|iPhone.ActiveCfg = Release|Any CPU
		{F559BEC1-AAD3-48AE-A3AE-B32F611D2B04}.Ad-Hoc|iPhone.Build.0 = Release|Any CPU
		{F559BEC1-AAD3-48AE-A3AE-B32F611D2B04}.Ad-Hoc|iPhone.Deploy.0 = Release|Any CPU
		{F559BEC1-AAD3-48AE-A3AE-B32F611D2B04}.Ad-Hoc|iPhoneSimulator.ActiveCfg = Release|Any CPU
		{F559BEC1-AAD3-48AE-A3AE-B32F611D2B04}.Ad-Hoc|iPhoneSimulator.Build.0 = Release|Any CPU
		{F559BEC1-AAD3-48AE-A3AE-B32F611D2B04}.Ad-Hoc|iPhoneSimulator.Deploy.0 = Release|Any CPU
		{F559BEC1-AAD3-48AE-A3AE-B32F611D2B04}.Ad-Hoc|x64.ActiveCfg = Release|Any CPU
		{F559BEC1-AAD3-48AE-A3AE-B32F611D2B04}.Ad-Hoc|x64.Build.0 = Release|Any CPU
		{F559BEC1-AAD3-48AE-A3AE-B32F611D2B04}.Ad-Hoc|x64.Deploy.0 = Release|Any CPU
		{F559BEC1-AAD3-48AE-A3AE-B32F611D2B04}.Ad-Hoc|x86.ActiveCfg = Release|Any CPU
		{F559BEC1-AAD3-48AE-A3AE-B32F611D2B04}.Ad-Hoc|x86.Build.0 = Release|Any CPU
		{F559BEC1-AAD3-48AE-A3AE-B32F611D2B04}.Ad-Hoc|x86.Deploy.0 = Release|Any CPU
		{F559BEC1-AAD3-48AE-A3AE-B32F611D2B04}.AppStore|Any CPU.ActiveCfg = Release|Any CPU
		{F559BEC1-AAD3-48AE-A3AE-B32F611D2B04}.AppStore|Any CPU.Build.0 = Release|Any CPU
		{F559BEC1-AAD3-48AE-A3AE-B32F611D2B04}.AppStore|Any CPU.Deploy.0 = Release|Any CPU
		{F559BEC1-AAD3-48AE-A3AE-B32F611D2B04}.AppStore|ARM.ActiveCfg = Release|Any CPU
		{F559BEC1-AAD3-48AE-A3AE-B32F611D2B04}.AppStore|ARM.Build.0 = Release|Any CPU
		{F559BEC1-AAD3-48AE-A3AE-B32F611D2B04}.AppStore|ARM.Deploy.0 = Release|Any CPU
		{F559BEC1-AAD3-48AE-A3AE-B32F611D2B04}.AppStore|iPhone.ActiveCfg = Release|Any CPU
		{F559BEC1-AAD3-48AE-A3AE-B32F611D2B04}.AppStore|iPhone.Build.0 = Release|Any CPU
		{F559BEC1-AAD3-48AE-A3AE-B32F611D2B04}.AppStore|iPhone.Deploy.0 = Release|Any CPU
		{F559BEC1-AAD3-48AE-A3AE-B32F611D2B04}.AppStore|iPhoneSimulator.ActiveCfg = Release|Any CPU
		{F559BEC1-AAD3-48AE-A3AE-B32F611D2B04}.AppStore|iPhoneSimulator.Build.0 = Release|Any CPU
		{F559BEC1-AAD3-48AE-A3AE-B32F611D2B04}.AppStore|iPhoneSimulator.Deploy.0 = Release|Any CPU
		{F559BEC1-AAD3-48AE-A3AE-B32F611D2B04}.AppStore|x64.ActiveCfg = Release|Any CPU
		{F559BEC1-AAD3-48AE-A3AE-B32F611D2B04}.AppStore|x64.Build.0 = Release|Any CPU
		{F559BEC1-AAD3-48AE-A3AE-B32F611D2B04}.AppStore|x64.Deploy.0 = Release|Any CPU
		{F559BEC1-AAD3-48AE-A3AE-B32F611D2B04}.AppStore|x86.ActiveCfg = Release|Any CPU
		{F559BEC1-AAD3-48AE-A3AE-B32F611D2B04}.AppStore|x86.Build.0 = Release|Any CPU
		{F559BEC1-AAD3-48AE-A3AE-B32F611D2B04}.AppStore|x86.Deploy.0 = Release|Any CPU
		{F559BEC1-AAD3-48AE-A3AE-B32F611D2B04}.Debug|Any CPU.ActiveCfg = Debug|Any CPU
		{F559BEC1-AAD3-48AE-A3AE-B32F611D2B04}.Debug|Any CPU.Build.0 = Debug|Any CPU
		{F559BEC1-AAD3-48AE-A3AE-B32F611D2B04}.Debug|Any CPU.Deploy.0 = Debug|Any CPU
		{F559BEC1-AAD3-48AE-A3AE-B32F611D2B04}.Debug|ARM.ActiveCfg = Debug|Any CPU
		{F559BEC1-AAD3-48AE-A3AE-B32F611D2B04}.Debug|ARM.Build.0 = Debug|Any CPU
		{F559BEC1-AAD3-48AE-A3AE-B32F611D2B04}.Debug|ARM.Deploy.0 = Debug|Any CPU
		{F559BEC1-AAD3-48AE-A3AE-B32F611D2B04}.Debug|iPhone.ActiveCfg = Debug|Any CPU
		{F559BEC1-AAD3-48AE-A3AE-B32F611D2B04}.Debug|iPhone.Build.0 = Debug|Any CPU
		{F559BEC1-AAD3-48AE-A3AE-B32F611D2B04}.Debug|iPhone.Deploy.0 = Debug|Any CPU
		{F559BEC1-AAD3-48AE-A3AE-B32F611D2B04}.Debug|iPhoneSimulator.ActiveCfg = Debug|Any CPU
		{F559BEC1-AAD3-48AE-A3AE-B32F611D2B04}.Debug|iPhoneSimulator.Build.0 = Debug|Any CPU
		{F559BEC1-AAD3-48AE-A3AE-B32F611D2B04}.Debug|iPhoneSimulator.Deploy.0 = Debug|Any CPU
		{F559BEC1-AAD3-48AE-A3AE-B32F611D2B04}.Debug|x64.ActiveCfg = Debug|Any CPU
		{F559BEC1-AAD3-48AE-A3AE-B32F611D2B04}.Debug|x64.Build.0 = Debug|Any CPU
		{F559BEC1-AAD3-48AE-A3AE-B32F611D2B04}.Debug|x64.Deploy.0 = Debug|Any CPU
		{F559BEC1-AAD3-48AE-A3AE-B32F611D2B04}.Debug|x86.ActiveCfg = Debug|Any CPU
		{F559BEC1-AAD3-48AE-A3AE-B32F611D2B04}.Debug|x86.Build.0 = Debug|Any CPU
		{F559BEC1-AAD3-48AE-A3AE-B32F611D2B04}.Debug|x86.Deploy.0 = Debug|Any CPU
		{F559BEC1-AAD3-48AE-A3AE-B32F611D2B04}.Release|Any CPU.ActiveCfg = Release|Any CPU
		{F559BEC1-AAD3-48AE-A3AE-B32F611D2B04}.Release|Any CPU.Build.0 = Release|Any CPU
		{F559BEC1-AAD3-48AE-A3AE-B32F611D2B04}.Release|Any CPU.Deploy.0 = Release|Any CPU
		{F559BEC1-AAD3-48AE-A3AE-B32F611D2B04}.Release|ARM.ActiveCfg = Release|Any CPU
		{F559BEC1-AAD3-48AE-A3AE-B32F611D2B04}.Release|ARM.Build.0 = Release|Any CPU
		{F559BEC1-AAD3-48AE-A3AE-B32F611D2B04}.Release|ARM.Deploy.0 = Release|Any CPU
		{F559BEC1-AAD3-48AE-A3AE-B32F611D2B04}.Release|iPhone.ActiveCfg = Release|Any CPU
		{F559BEC1-AAD3-48AE-A3AE-B32F611D2B04}.Release|iPhone.Build.0 = Release|Any CPU
		{F559BEC1-AAD3-48AE-A3AE-B32F611D2B04}.Release|iPhone.Deploy.0 = Release|Any CPU
		{F559BEC1-AAD3-48AE-A3AE-B32F611D2B04}.Release|iPhoneSimulator.ActiveCfg = Release|Any CPU
		{F559BEC1-AAD3-48AE-A3AE-B32F611D2B04}.Release|iPhoneSimulator.Build.0 = Release|Any CPU
		{F559BEC1-AAD3-48AE-A3AE-B32F611D2B04}.Release|iPhoneSimulator.Deploy.0 = Release|Any CPU
		{F559BEC1-AAD3-48AE-A3AE-B32F611D2B04}.Release|x64.ActiveCfg = Release|Any CPU
		{F559BEC1-AAD3-48AE-A3AE-B32F611D2B04}.Release|x64.Build.0 = Release|Any CPU
		{F559BEC1-AAD3-48AE-A3AE-B32F611D2B04}.Release|x64.Deploy.0 = Release|Any CPU
		{F559BEC1-AAD3-48AE-A3AE-B32F611D2B04}.Release|x86.ActiveCfg = Release|Any CPU
		{F559BEC1-AAD3-48AE-A3AE-B32F611D2B04}.Release|x86.Build.0 = Release|Any CPU
		{F559BEC1-AAD3-48AE-A3AE-B32F611D2B04}.Release|x86.Deploy.0 = Release|Any CPU
		{BF95BE79-8D49-4BDD-B48C-6D73209D5864}.Ad-Hoc|Any CPU.ActiveCfg = Ad-Hoc|iPhone
		{BF95BE79-8D49-4BDD-B48C-6D73209D5864}.Ad-Hoc|ARM.ActiveCfg = Ad-Hoc|iPhone
		{BF95BE79-8D49-4BDD-B48C-6D73209D5864}.Ad-Hoc|iPhone.ActiveCfg = Ad-Hoc|iPhone
		{BF95BE79-8D49-4BDD-B48C-6D73209D5864}.Ad-Hoc|iPhone.Build.0 = Ad-Hoc|iPhone
		{BF95BE79-8D49-4BDD-B48C-6D73209D5864}.Ad-Hoc|iPhoneSimulator.ActiveCfg = Ad-Hoc|iPhoneSimulator
		{BF95BE79-8D49-4BDD-B48C-6D73209D5864}.Ad-Hoc|iPhoneSimulator.Build.0 = Ad-Hoc|iPhoneSimulator
		{BF95BE79-8D49-4BDD-B48C-6D73209D5864}.Ad-Hoc|x64.ActiveCfg = Ad-Hoc|iPhone
		{BF95BE79-8D49-4BDD-B48C-6D73209D5864}.Ad-Hoc|x86.ActiveCfg = Ad-Hoc|iPhone
		{BF95BE79-8D49-4BDD-B48C-6D73209D5864}.AppStore|Any CPU.ActiveCfg = AppStore|iPhone
		{BF95BE79-8D49-4BDD-B48C-6D73209D5864}.AppStore|ARM.ActiveCfg = AppStore|iPhone
		{BF95BE79-8D49-4BDD-B48C-6D73209D5864}.AppStore|iPhone.ActiveCfg = AppStore|iPhone
		{BF95BE79-8D49-4BDD-B48C-6D73209D5864}.AppStore|iPhone.Build.0 = AppStore|iPhone
		{BF95BE79-8D49-4BDD-B48C-6D73209D5864}.AppStore|iPhoneSimulator.ActiveCfg = AppStore|iPhoneSimulator
		{BF95BE79-8D49-4BDD-B48C-6D73209D5864}.AppStore|iPhoneSimulator.Build.0 = AppStore|iPhoneSimulator
		{BF95BE79-8D49-4BDD-B48C-6D73209D5864}.AppStore|x64.ActiveCfg = AppStore|iPhone
		{BF95BE79-8D49-4BDD-B48C-6D73209D5864}.AppStore|x86.ActiveCfg = AppStore|iPhone
		{BF95BE79-8D49-4BDD-B48C-6D73209D5864}.Debug|Any CPU.ActiveCfg = Debug|iPhone
		{BF95BE79-8D49-4BDD-B48C-6D73209D5864}.Debug|ARM.ActiveCfg = Debug|iPhone
		{BF95BE79-8D49-4BDD-B48C-6D73209D5864}.Debug|iPhone.ActiveCfg = Debug|iPhone
		{BF95BE79-8D49-4BDD-B48C-6D73209D5864}.Debug|iPhone.Build.0 = Debug|iPhone
		{BF95BE79-8D49-4BDD-B48C-6D73209D5864}.Debug|iPhoneSimulator.ActiveCfg = Debug|iPhoneSimulator
		{BF95BE79-8D49-4BDD-B48C-6D73209D5864}.Debug|iPhoneSimulator.Build.0 = Debug|iPhoneSimulator
		{BF95BE79-8D49-4BDD-B48C-6D73209D5864}.Debug|x64.ActiveCfg = Debug|iPhone
		{BF95BE79-8D49-4BDD-B48C-6D73209D5864}.Debug|x86.ActiveCfg = Debug|iPhone
		{BF95BE79-8D49-4BDD-B48C-6D73209D5864}.Release|Any CPU.ActiveCfg = Release|iPhone
		{BF95BE79-8D49-4BDD-B48C-6D73209D5864}.Release|ARM.ActiveCfg = Release|iPhone
		{BF95BE79-8D49-4BDD-B48C-6D73209D5864}.Release|iPhone.ActiveCfg = Release|iPhone
		{BF95BE79-8D49-4BDD-B48C-6D73209D5864}.Release|iPhone.Build.0 = Release|iPhone
		{BF95BE79-8D49-4BDD-B48C-6D73209D5864}.Release|iPhoneSimulator.ActiveCfg = Release|iPhoneSimulator
		{BF95BE79-8D49-4BDD-B48C-6D73209D5864}.Release|iPhoneSimulator.Build.0 = Release|iPhoneSimulator
		{BF95BE79-8D49-4BDD-B48C-6D73209D5864}.Release|x64.ActiveCfg = Release|iPhone
		{BF95BE79-8D49-4BDD-B48C-6D73209D5864}.Release|x86.ActiveCfg = Release|iPhone
		{F2F9C214-CADB-49C6-8CD6-35EC62BA6B68}.Ad-Hoc|Any CPU.ActiveCfg = Release|x86
		{F2F9C214-CADB-49C6-8CD6-35EC62BA6B68}.Ad-Hoc|Any CPU.Build.0 = Release|x86
		{F2F9C214-CADB-49C6-8CD6-35EC62BA6B68}.Ad-Hoc|Any CPU.Deploy.0 = Release|x86
		{F2F9C214-CADB-49C6-8CD6-35EC62BA6B68}.Ad-Hoc|ARM.ActiveCfg = Release|ARM
		{F2F9C214-CADB-49C6-8CD6-35EC62BA6B68}.Ad-Hoc|ARM.Build.0 = Release|ARM
		{F2F9C214-CADB-49C6-8CD6-35EC62BA6B68}.Ad-Hoc|ARM.Deploy.0 = Release|ARM
		{F2F9C214-CADB-49C6-8CD6-35EC62BA6B68}.Ad-Hoc|iPhone.ActiveCfg = Release|x86
		{F2F9C214-CADB-49C6-8CD6-35EC62BA6B68}.Ad-Hoc|iPhone.Build.0 = Release|x86
		{F2F9C214-CADB-49C6-8CD6-35EC62BA6B68}.Ad-Hoc|iPhone.Deploy.0 = Release|x86
		{F2F9C214-CADB-49C6-8CD6-35EC62BA6B68}.Ad-Hoc|iPhoneSimulator.ActiveCfg = Release|x86
		{F2F9C214-CADB-49C6-8CD6-35EC62BA6B68}.Ad-Hoc|iPhoneSimulator.Build.0 = Release|x86
		{F2F9C214-CADB-49C6-8CD6-35EC62BA6B68}.Ad-Hoc|iPhoneSimulator.Deploy.0 = Release|x86
		{F2F9C214-CADB-49C6-8CD6-35EC62BA6B68}.Ad-Hoc|x64.ActiveCfg = Release|x64
		{F2F9C214-CADB-49C6-8CD6-35EC62BA6B68}.Ad-Hoc|x64.Build.0 = Release|x64
		{F2F9C214-CADB-49C6-8CD6-35EC62BA6B68}.Ad-Hoc|x64.Deploy.0 = Release|x64
		{F2F9C214-CADB-49C6-8CD6-35EC62BA6B68}.Ad-Hoc|x86.ActiveCfg = Release|x86
		{F2F9C214-CADB-49C6-8CD6-35EC62BA6B68}.Ad-Hoc|x86.Build.0 = Release|x86
		{F2F9C214-CADB-49C6-8CD6-35EC62BA6B68}.Ad-Hoc|x86.Deploy.0 = Release|x86
		{F2F9C214-CADB-49C6-8CD6-35EC62BA6B68}.AppStore|Any CPU.ActiveCfg = Release|x86
		{F2F9C214-CADB-49C6-8CD6-35EC62BA6B68}.AppStore|Any CPU.Build.0 = Release|x86
		{F2F9C214-CADB-49C6-8CD6-35EC62BA6B68}.AppStore|Any CPU.Deploy.0 = Release|x86
		{F2F9C214-CADB-49C6-8CD6-35EC62BA6B68}.AppStore|ARM.ActiveCfg = Release|ARM
		{F2F9C214-CADB-49C6-8CD6-35EC62BA6B68}.AppStore|ARM.Build.0 = Release|ARM
		{F2F9C214-CADB-49C6-8CD6-35EC62BA6B68}.AppStore|ARM.Deploy.0 = Release|ARM
		{F2F9C214-CADB-49C6-8CD6-35EC62BA6B68}.AppStore|iPhone.ActiveCfg = Release|x86
		{F2F9C214-CADB-49C6-8CD6-35EC62BA6B68}.AppStore|iPhone.Build.0 = Release|x86
		{F2F9C214-CADB-49C6-8CD6-35EC62BA6B68}.AppStore|iPhone.Deploy.0 = Release|x86
		{F2F9C214-CADB-49C6-8CD6-35EC62BA6B68}.AppStore|iPhoneSimulator.ActiveCfg = Release|x86
		{F2F9C214-CADB-49C6-8CD6-35EC62BA6B68}.AppStore|iPhoneSimulator.Build.0 = Release|x86
		{F2F9C214-CADB-49C6-8CD6-35EC62BA6B68}.AppStore|iPhoneSimulator.Deploy.0 = Release|x86
		{F2F9C214-CADB-49C6-8CD6-35EC62BA6B68}.AppStore|x64.ActiveCfg = Release|x64
		{F2F9C214-CADB-49C6-8CD6-35EC62BA6B68}.AppStore|x64.Build.0 = Release|x64
		{F2F9C214-CADB-49C6-8CD6-35EC62BA6B68}.AppStore|x64.Deploy.0 = Release|x64
		{F2F9C214-CADB-49C6-8CD6-35EC62BA6B68}.AppStore|x86.ActiveCfg = Release|x86
		{F2F9C214-CADB-49C6-8CD6-35EC62BA6B68}.AppStore|x86.Build.0 = Release|x86
		{F2F9C214-CADB-49C6-8CD6-35EC62BA6B68}.AppStore|x86.Deploy.0 = Release|x86
		{F2F9C214-CADB-49C6-8CD6-35EC62BA6B68}.Debug|Any CPU.ActiveCfg = Debug|x86
		{F2F9C214-CADB-49C6-8CD6-35EC62BA6B68}.Debug|ARM.ActiveCfg = Debug|ARM
		{F2F9C214-CADB-49C6-8CD6-35EC62BA6B68}.Debug|ARM.Build.0 = Debug|ARM
		{F2F9C214-CADB-49C6-8CD6-35EC62BA6B68}.Debug|ARM.Deploy.0 = Debug|ARM
		{F2F9C214-CADB-49C6-8CD6-35EC62BA6B68}.Debug|iPhone.ActiveCfg = Debug|x86
		{F2F9C214-CADB-49C6-8CD6-35EC62BA6B68}.Debug|iPhoneSimulator.ActiveCfg = Debug|x86
		{F2F9C214-CADB-49C6-8CD6-35EC62BA6B68}.Debug|x64.ActiveCfg = Debug|x64
		{F2F9C214-CADB-49C6-8CD6-35EC62BA6B68}.Debug|x64.Build.0 = Debug|x64
		{F2F9C214-CADB-49C6-8CD6-35EC62BA6B68}.Debug|x64.Deploy.0 = Debug|x64
		{F2F9C214-CADB-49C6-8CD6-35EC62BA6B68}.Debug|x86.ActiveCfg = Debug|x86
		{F2F9C214-CADB-49C6-8CD6-35EC62BA6B68}.Debug|x86.Build.0 = Debug|x86
		{F2F9C214-CADB-49C6-8CD6-35EC62BA6B68}.Debug|x86.Deploy.0 = Debug|x86
		{F2F9C214-CADB-49C6-8CD6-35EC62BA6B68}.Release|Any CPU.ActiveCfg = Release|x86
		{F2F9C214-CADB-49C6-8CD6-35EC62BA6B68}.Release|ARM.ActiveCfg = Release|ARM
		{F2F9C214-CADB-49C6-8CD6-35EC62BA6B68}.Release|ARM.Build.0 = Release|ARM
		{F2F9C214-CADB-49C6-8CD6-35EC62BA6B68}.Release|ARM.Deploy.0 = Release|ARM
		{F2F9C214-CADB-49C6-8CD6-35EC62BA6B68}.Release|iPhone.ActiveCfg = Release|x86
		{F2F9C214-CADB-49C6-8CD6-35EC62BA6B68}.Release|iPhoneSimulator.ActiveCfg = Release|x86
		{F2F9C214-CADB-49C6-8CD6-35EC62BA6B68}.Release|x64.ActiveCfg = Release|x64
		{F2F9C214-CADB-49C6-8CD6-35EC62BA6B68}.Release|x64.Build.0 = Release|x64
		{F2F9C214-CADB-49C6-8CD6-35EC62BA6B68}.Release|x64.Deploy.0 = Release|x64
		{F2F9C214-CADB-49C6-8CD6-35EC62BA6B68}.Release|x86.ActiveCfg = Release|x86
		{F2F9C214-CADB-49C6-8CD6-35EC62BA6B68}.Release|x86.Build.0 = Release|x86
		{F2F9C214-CADB-49C6-8CD6-35EC62BA6B68}.Release|x86.Deploy.0 = Release|x86
	EndGlobalSection
	GlobalSection(SolutionProperties) = preSolution
		HideSolutionNode = FALSE
	EndGlobalSection
EndGlobal
